
Microsoft Visual Studio Solution File, Format Version 12.00
# Visual Studio 15
VisualStudioVersion = 15.0.28307.645
MinimumVisualStudioVersion = 10.0.40219.1
Project("{FAE04EC0-301F-11D3-BF4B-00C04F79EFBC}") = "CatalogAPI", "CatalogAPI\CatalogAPI.csproj", "{D8A51A1E-F353-467B-AA46-5BDFA1602249}"
EndProject
Global
	GlobalSection(SolutionConfigurationPlatforms) = preSolution
		Debug|Any CPU = Debug|Any CPU
		Release|Any CPU = Release|Any CPU
	EndGlobalSection
	GlobalSection(ProjectConfigurationPlatforms) = postSolution
		{D8A51A1E-F353-467B-AA46-5BDFA1602249}.Debug|Any CPU.ActiveCfg = Debug|Any CPU
		{D8A51A1E-F353-467B-AA46-5BDFA1602249}.Debug|Any CPU.Build.0 = Debug|Any CPU
		{D8A51A1E-F353-467B-AA46-5BDFA1602249}.Release|Any CPU.ActiveCfg = Release|Any CPU
		{D8A51A1E-F353-467B-AA46-5BDFA1602249}.Release|Any CPU.Build.0 = Release|Any CPU
	EndGlobalSection
	GlobalSection(SolutionProperties) = preSolution
		HideSolutionNode = FALSE
	EndGlobalSection
	GlobalSection(ExtensibilityGlobals) = postSolution
		SolutionGuid = {29428F51-38C4-4B6D-AA06-3EB42BEA4872}
	EndGlobalSection
EndGlobal
